
Microsoft Visual Studio Solution File, Format Version 12.00
# Visual Studio Version 16
VisualStudioVersion = 16.0.30011.22
MinimumVisualStudioVersion = 10.0.40219.1
Project("{FAE04EC0-301F-11D3-BF4B-00C04F79EFBC}") = "WindowsEventsExtension", "ThinLogParser\WindowsEventsExtension.csproj", "{F8464E81-B3B8-4F1A-87C9-0310BD424B75}"
EndProject
Project("{2150E333-8FDC-42A3-9474-1A3956D46DE8}") = "Solution Items", "Solution Items", "{455249B8-41CF-46A0-A149-B63B38400924}"
	ProjectSection(SolutionItems) = preProject
		README.md = README.md
	EndProjectSection
EndProject
Global
	GlobalSection(SolutionConfigurationPlatforms) = preSolution
		Debug|Any CPU = Debug|Any CPU
		Release|Any CPU = Release|Any CPU
	EndGlobalSection
	GlobalSection(ProjectConfigurationPlatforms) = postSolution
		{F8464E81-B3B8-4F1A-87C9-0310BD424B75}.Debug|Any CPU.ActiveCfg = Debug|Any CPU
		{F8464E81-B3B8-4F1A-87C9-0310BD424B75}.Debug|Any CPU.Build.0 = Debug|Any CPU
		{F8464E81-B3B8-4F1A-87C9-0310BD424B75}.Release|Any CPU.ActiveCfg = Release|Any CPU
		{F8464E81-B3B8-4F1A-87C9-0310BD424B75}.Release|Any CPU.Build.0 = Release|Any CPU
	EndGlobalSection
	GlobalSection(SolutionProperties) = preSolution
		HideSolutionNode = FALSE
	EndGlobalSection
	GlobalSection(ExtensibilityGlobals) = postSolution
		SolutionGuid = {894001F3-A1D1-4C2A-957F-00B723CE352A}
	EndGlobalSection
EndGlobal
